
Microsoft Visual Studio Solution File, Format Version 12.00
# Visual Studio 15
VisualStudioVersion = 15.0.26124.0
MinimumVisualStudioVersion = 15.0.26124.0
Project("{FAE04EC0-301F-11D3-BF4B-00C04F79EFBC}") = "BowlingCounterApp.Core", "BowlingCounterApp.Core\BowlingCounterApp.Core.csproj", "{E079A14B-C0A5-495E-AB5D-D75E6587509F}"
EndProject
Project("{FAE04EC0-301F-11D3-BF4B-00C04F79EFBC}") = "BowlingCounterApp.Tests", "BowlingCounterApp.Tests\BowlingCounterApp.Tests.csproj", "{804B848B-F8FA-47CE-ABB8-0CAEB1C1E90E}"
EndProject
Global
	GlobalSection(SolutionConfigurationPlatforms) = preSolution
		Debug|Any CPU = Debug|Any CPU
		Debug|x64 = Debug|x64
		Debug|x86 = Debug|x86
		Release|Any CPU = Release|Any CPU
		Release|x64 = Release|x64
		Release|x86 = Release|x86
	EndGlobalSection
	GlobalSection(SolutionProperties) = preSolution
		HideSolutionNode = FALSE
	EndGlobalSection
	GlobalSection(ProjectConfigurationPlatforms) = postSolution
		{E079A14B-C0A5-495E-AB5D-D75E6587509F}.Debug|Any CPU.ActiveCfg = Debug|Any CPU
		{E079A14B-C0A5-495E-AB5D-D75E6587509F}.Debug|Any CPU.Build.0 = Debug|Any CPU
		{E079A14B-C0A5-495E-AB5D-D75E6587509F}.Debug|x64.ActiveCfg = Debug|Any CPU
		{E079A14B-C0A5-495E-AB5D-D75E6587509F}.Debug|x64.Build.0 = Debug|Any CPU
		{E079A14B-C0A5-495E-AB5D-D75E6587509F}.Debug|x86.ActiveCfg = Debug|Any CPU
		{E079A14B-C0A5-495E-AB5D-D75E6587509F}.Debug|x86.Build.0 = Debug|Any CPU
		{E079A14B-C0A5-495E-AB5D-D75E6587509F}.Release|Any CPU.ActiveCfg = Release|Any CPU
		{E079A14B-C0A5-495E-AB5D-D75E6587509F}.Release|Any CPU.Build.0 = Release|Any CPU
		{E079A14B-C0A5-495E-AB5D-D75E6587509F}.Release|x64.ActiveCfg = Release|Any CPU
		{E079A14B-C0A5-495E-AB5D-D75E6587509F}.Release|x64.Build.0 = Release|Any CPU
		{E079A14B-C0A5-495E-AB5D-D75E6587509F}.Release|x86.ActiveCfg = Release|Any CPU
		{E079A14B-C0A5-495E-AB5D-D75E6587509F}.Release|x86.Build.0 = Release|Any CPU
		{804B848B-F8FA-47CE-ABB8-0CAEB1C1E90E}.Debug|Any CPU.ActiveCfg = Debug|Any CPU
		{804B848B-F8FA-47CE-ABB8-0CAEB1C1E90E}.Debug|Any CPU.Build.0 = Debug|Any CPU
		{804B848B-F8FA-47CE-ABB8-0CAEB1C1E90E}.Debug|x64.ActiveCfg = Debug|Any CPU
		{804B848B-F8FA-47CE-ABB8-0CAEB1C1E90E}.Debug|x64.Build.0 = Debug|Any CPU
		{804B848B-F8FA-47CE-ABB8-0CAEB1C1E90E}.Debug|x86.ActiveCfg = Debug|Any CPU
		{804B848B-F8FA-47CE-ABB8-0CAEB1C1E90E}.Debug|x86.Build.0 = Debug|Any CPU
		{804B848B-F8FA-47CE-ABB8-0CAEB1C1E90E}.Release|Any CPU.ActiveCfg = Release|Any CPU
		{804B848B-F8FA-47CE-ABB8-0CAEB1C1E90E}.Release|Any CPU.Build.0 = Release|Any CPU
		{804B848B-F8FA-47CE-ABB8-0CAEB1C1E90E}.Release|x64.ActiveCfg = Release|Any CPU
		{804B848B-F8FA-47CE-ABB8-0CAEB1C1E90E}.Release|x64.Build.0 = Release|Any CPU
		{804B848B-F8FA-47CE-ABB8-0CAEB1C1E90E}.Release|x86.ActiveCfg = Release|Any CPU
		{804B848B-F8FA-47CE-ABB8-0CAEB1C1E90E}.Release|x86.Build.0 = Release|Any CPU
	EndGlobalSection
EndGlobal
